{
  "object": {
    "pins": [
      {
        "package": "capacitor-swift-pm",
        "repositoryURL": "https://github.com/ionic-team/capacitor-swift-pm",
        "state": {
          "branch": null,
          "revision": "3fe94bbbe43e63ada75aa6788fc10e3764622a97",
          "version": "6.2.1"
        }
      }
    ]
  },
  "version": 1
}
