{
  "object": {
    "pins": [
      {
        "package": "capacitor-swift-pm",
        "repositoryURL": "https://github.com/ionic-team/capacitor-swift-pm",
        "state": {
          "branch": null,
          "revision": "272e5dcd26260c6f3798b024c9cb3ffa52850ec7",
          "version": "6.1.2"
        }
      }
    ]
  },
  "version": 1
}
